
Microsoft Visual Studio Solution File, Format Version 12.00
# Visual Studio Version 16
VisualStudioVersion = 16.0.30523.141
MinimumVisualStudioVersion = 10.0.40219.1
Project("{FAE04EC0-301F-11D3-BF4B-00C04F79EFBC}") = "NotesApp.Android", "NotesApp.Android\NotesApp.Android.csproj", "{DCDC3239-ED13-4C5E-8758-241690AB9508}"
EndProject
Project("{FAE04EC0-301F-11D3-BF4B-00C04F79EFBC}") = "NotesApp", "NotesApp\NotesApp.csproj", "{6E416283-8A2C-47E1-94C9-D41D85909331}"
EndProject
Global
	GlobalSection(SolutionConfigurationPlatforms) = preSolution
		Debug|Any CPU = Debug|Any CPU
		Release|Any CPU = Release|Any CPU
	EndGlobalSection
	GlobalSection(ProjectConfigurationPlatforms) = postSolution
		{DCDC3239-ED13-4C5E-8758-241690AB9508}.Debug|Any CPU.ActiveCfg = Debug|Any CPU
		{DCDC3239-ED13-4C5E-8758-241690AB9508}.Debug|Any CPU.Build.0 = Debug|Any CPU
		{DCDC3239-ED13-4C5E-8758-241690AB9508}.Debug|Any CPU.Deploy.0 = Debug|Any CPU
		{DCDC3239-ED13-4C5E-8758-241690AB9508}.Release|Any CPU.ActiveCfg = Release|Any CPU
		{DCDC3239-ED13-4C5E-8758-241690AB9508}.Release|Any CPU.Build.0 = Release|Any CPU
		{DCDC3239-ED13-4C5E-8758-241690AB9508}.Release|Any CPU.Deploy.0 = Release|Any CPU
		{6E416283-8A2C-47E1-94C9-D41D85909331}.Debug|Any CPU.ActiveCfg = Debug|Any CPU
		{6E416283-8A2C-47E1-94C9-D41D85909331}.Debug|Any CPU.Build.0 = Debug|Any CPU
		{6E416283-8A2C-47E1-94C9-D41D85909331}.Debug|Any CPU.Deploy.0 = Debug|Any CPU
		{6E416283-8A2C-47E1-94C9-D41D85909331}.Release|Any CPU.ActiveCfg = Release|Any CPU
		{6E416283-8A2C-47E1-94C9-D41D85909331}.Release|Any CPU.Build.0 = Release|Any CPU
		{6E416283-8A2C-47E1-94C9-D41D85909331}.Release|Any CPU.Deploy.0 = Release|Any CPU
	EndGlobalSection
	GlobalSection(SolutionProperties) = preSolution
		HideSolutionNode = FALSE
	EndGlobalSection
	GlobalSection(ExtensibilityGlobals) = postSolution
		SolutionGuid = {180B604C-AF49-462C-8112-AB45020643F3}
	EndGlobalSection
EndGlobal
