
Microsoft Visual Studio Solution File, Format Version 12.00
# Visual Studio Version 16
VisualStudioVersion = 16.0.32510.428
MinimumVisualStudioVersion = 10.0.40219.1
Project("{FAE04EC0-301F-11D3-BF4B-00C04F79EFBC}") = "sa2-c3a-pangilinan.Android", "sa2-c3a-pangilinan\sa2-c3a-pangilinan.Android\sa2-c3a-pangilinan.Android.csproj", "{B7AC2D60-FC69-4E70-B3F3-940E3BF92BEE}"
EndProject
Project("{FAE04EC0-301F-11D3-BF4B-00C04F79EFBC}") = "sa2-c3a-pangilinan", "sa2-c3a-pangilinan\sa2-c3a-pangilinan\sa2-c3a-pangilinan.csproj", "{80758D31-E352-4344-A516-07D9AE37DC25}"
EndProject
Global
	GlobalSection(SolutionConfigurationPlatforms) = preSolution
		Debug|Any CPU = Debug|Any CPU
		Release|Any CPU = Release|Any CPU
	EndGlobalSection
	GlobalSection(ProjectConfigurationPlatforms) = postSolution
		{B7AC2D60-FC69-4E70-B3F3-940E3BF92BEE}.Debug|Any CPU.ActiveCfg = Debug|Any CPU
		{B7AC2D60-FC69-4E70-B3F3-940E3BF92BEE}.Debug|Any CPU.Build.0 = Debug|Any CPU
		{B7AC2D60-FC69-4E70-B3F3-940E3BF92BEE}.Debug|Any CPU.Deploy.0 = Debug|Any CPU
		{B7AC2D60-FC69-4E70-B3F3-940E3BF92BEE}.Release|Any CPU.ActiveCfg = Release|Any CPU
		{B7AC2D60-FC69-4E70-B3F3-940E3BF92BEE}.Release|Any CPU.Build.0 = Release|Any CPU
		{B7AC2D60-FC69-4E70-B3F3-940E3BF92BEE}.Release|Any CPU.Deploy.0 = Release|Any CPU
		{80758D31-E352-4344-A516-07D9AE37DC25}.Debug|Any CPU.ActiveCfg = Debug|Any CPU
		{80758D31-E352-4344-A516-07D9AE37DC25}.Debug|Any CPU.Build.0 = Debug|Any CPU
		{80758D31-E352-4344-A516-07D9AE37DC25}.Debug|Any CPU.Deploy.0 = Debug|Any CPU
		{80758D31-E352-4344-A516-07D9AE37DC25}.Release|Any CPU.ActiveCfg = Release|Any CPU
		{80758D31-E352-4344-A516-07D9AE37DC25}.Release|Any CPU.Build.0 = Release|Any CPU
		{80758D31-E352-4344-A516-07D9AE37DC25}.Release|Any CPU.Deploy.0 = Release|Any CPU
	EndGlobalSection
	GlobalSection(SolutionProperties) = preSolution
		HideSolutionNode = FALSE
	EndGlobalSection
	GlobalSection(ExtensibilityGlobals) = postSolution
		SolutionGuid = {48B9453A-0EFA-4275-BA4A-CDFDA0CE9FA1}
	EndGlobalSection
EndGlobal
